
Microsoft Visual Studio Solution File, Format Version 12.00
# Visual Studio 15
VisualStudioVersion = 15.0.28010.2026
MinimumVisualStudioVersion = 10.0.40219.1
Project("{FAE04EC0-301F-11D3-BF4B-00C04F79EFBC}") = "IK.Calculator", "IK.Calculator\IK.Calculator.csproj", "{F18CDB5B-D93B-4920-913D-CA9CDCC64292}"
EndProject
Global
	GlobalSection(SolutionConfigurationPlatforms) = preSolution
		Debug|Any CPU = Debug|Any CPU
		Release|Any CPU = Release|Any CPU
	EndGlobalSection
	GlobalSection(ProjectConfigurationPlatforms) = postSolution
		{F18CDB5B-D93B-4920-913D-CA9CDCC64292}.Debug|Any CPU.ActiveCfg = Debug|Any CPU
		{F18CDB5B-D93B-4920-913D-CA9CDCC64292}.Debug|Any CPU.Build.0 = Debug|Any CPU
		{F18CDB5B-D93B-4920-913D-CA9CDCC64292}.Release|Any CPU.ActiveCfg = Release|Any CPU
		{F18CDB5B-D93B-4920-913D-CA9CDCC64292}.Release|Any CPU.Build.0 = Release|Any CPU
	EndGlobalSection
	GlobalSection(SolutionProperties) = preSolution
		HideSolutionNode = FALSE
	EndGlobalSection
	GlobalSection(ExtensibilityGlobals) = postSolution
		SolutionGuid = {174C448E-8E02-4477-9DE6-CF7B21A4CEA4}
	EndGlobalSection
EndGlobal
